
Microsoft Visual Studio Solution File, Format Version 12.00
# Visual Studio 15
VisualStudioVersion = 15.0.28010.2019
MinimumVisualStudioVersion = 10.0.40219.1
Project("{00D1A9C2-B5F0-4AF3-8072-F6C62B433612}") = "Week 5 Database", "Week 5 Database\Week 5 Database.sqlproj", "{882E664C-8EB6-4F20-B176-CB1811FE0DC0}"
EndProject
Project("{FAE04EC0-301F-11D3-BF4B-00C04F79EFBC}") = "Week5WebApplication", "Week 5 Web Application\Week5WebApplication.csproj", "{3C63834F-C3BE-4FD6-81B7-830C410A8ABE}"
EndProject
Global
	GlobalSection(SolutionConfigurationPlatforms) = preSolution
		Debug|Any CPU = Debug|Any CPU
		Release|Any CPU = Release|Any CPU
	EndGlobalSection
	GlobalSection(ProjectConfigurationPlatforms) = postSolution
		{882E664C-8EB6-4F20-B176-CB1811FE0DC0}.Debug|Any CPU.ActiveCfg = Debug|Any CPU
		{882E664C-8EB6-4F20-B176-CB1811FE0DC0}.Debug|Any CPU.Build.0 = Debug|Any CPU
		{882E664C-8EB6-4F20-B176-CB1811FE0DC0}.Debug|Any CPU.Deploy.0 = Debug|Any CPU
		{882E664C-8EB6-4F20-B176-CB1811FE0DC0}.Release|Any CPU.ActiveCfg = Release|Any CPU
		{882E664C-8EB6-4F20-B176-CB1811FE0DC0}.Release|Any CPU.Build.0 = Release|Any CPU
		{882E664C-8EB6-4F20-B176-CB1811FE0DC0}.Release|Any CPU.Deploy.0 = Release|Any CPU
		{3C63834F-C3BE-4FD6-81B7-830C410A8ABE}.Debug|Any CPU.ActiveCfg = Debug|Any CPU
		{3C63834F-C3BE-4FD6-81B7-830C410A8ABE}.Debug|Any CPU.Build.0 = Debug|Any CPU
		{3C63834F-C3BE-4FD6-81B7-830C410A8ABE}.Release|Any CPU.ActiveCfg = Release|Any CPU
		{3C63834F-C3BE-4FD6-81B7-830C410A8ABE}.Release|Any CPU.Build.0 = Release|Any CPU
	EndGlobalSection
	GlobalSection(SolutionProperties) = preSolution
		HideSolutionNode = FALSE
	EndGlobalSection
	GlobalSection(ExtensibilityGlobals) = postSolution
		SolutionGuid = {142E5C3B-80B4-4072-A0AF-D96772DAD027}
	EndGlobalSection
EndGlobal
